
Microsoft Visual Studio Solution File, Format Version 11.00
# Visual Studio 2010
Project("{FAE04EC0-301F-11D3-BF4B-00C04F79EFBC}") = "Assembly-CSharp", "Assembly-CSharp.csproj", "{4948AF0F-AAA3-F504-0DD4-868B42321B84}"
EndProject
Project("{FAE04EC0-301F-11D3-BF4B-00C04F79EFBC}") = "Assembly-CSharp-Editor", "Assembly-CSharp-Editor.csproj", "{4C095449-F2A0-DE71-D349-BE2E92E649F3}"
EndProject
Global
	GlobalSection(SolutionConfigurationPlatforms) = preSolution
		Debug|Any CPU = Debug|Any CPU
		Release|Any CPU = Release|Any CPU
	EndGlobalSection
	GlobalSection(ProjectConfigurationPlatforms) = postSolution
		{4948AF0F-AAA3-F504-0DD4-868B42321B84}.Debug|Any CPU.ActiveCfg = Debug|Any CPU
		{4948AF0F-AAA3-F504-0DD4-868B42321B84}.Debug|Any CPU.Build.0 = Debug|Any CPU
		{4948AF0F-AAA3-F504-0DD4-868B42321B84}.Release|Any CPU.ActiveCfg = Release|Any CPU
		{4948AF0F-AAA3-F504-0DD4-868B42321B84}.Release|Any CPU.Build.0 = Release|Any CPU
		{4C095449-F2A0-DE71-D349-BE2E92E649F3}.Debug|Any CPU.ActiveCfg = Debug|Any CPU
		{4C095449-F2A0-DE71-D349-BE2E92E649F3}.Debug|Any CPU.Build.0 = Debug|Any CPU
		{4C095449-F2A0-DE71-D349-BE2E92E649F3}.Release|Any CPU.ActiveCfg = Release|Any CPU
		{4C095449-F2A0-DE71-D349-BE2E92E649F3}.Release|Any CPU.Build.0 = Release|Any CPU
	EndGlobalSection
	GlobalSection(SolutionProperties) = preSolution
		HideSolutionNode = FALSE
	EndGlobalSection
	GlobalSection(MonoDevelopProperties) = preSolution
		StartupItem = Assembly-CSharp.csproj
	EndGlobalSection
EndGlobal
